{
  "name": "vote-poker-lambda-ping",
  "version": "1.0.0",
  "lockfileVersion": 2,
  "requires": true,
  "packages": {
    "": {
      "name": "vote-poker-lambda-ping",
      "version": "1.0.0",
      "dependencies": {
        "vote-poker-common": "file:../common"
      }
    },
    "../common": {
      "name": "vote-poker-common",
      "version": "0.0.1"
    },
    "node_modules/vote-poker-common": {
      "resolved": "../common",
      "link": true
    }
  },
  "dependencies": {
    "vote-poker-common": {
      "version": "file:../common"
    }
  }
}
